
Microsoft Visual Studio Solution File, Format Version 12.00
# Visual Studio Version 16
VisualStudioVersion = 16.0.30503.244
MinimumVisualStudioVersion = 10.0.40219.1
Project("{8BC9CEB8-8B4A-11D0-8D11-00A0C91BC942}") = "deflectometry_image_capture", "deflectometry_image_capture\deflectometry_image_capture.vcxproj", "{591A83E1-70F2-4B2C-A828-3E8003E333FA}"
EndProject
Global
	GlobalSection(SolutionConfigurationPlatforms) = preSolution
		Debug|x64 = Debug|x64
		Release|x64 = Release|x64
	EndGlobalSection
	GlobalSection(ProjectConfigurationPlatforms) = postSolution
		{591A83E1-70F2-4B2C-A828-3E8003E333FA}.Debug|x64.ActiveCfg = Debug|x64
		{591A83E1-70F2-4B2C-A828-3E8003E333FA}.Debug|x64.Build.0 = Debug|x64
		{591A83E1-70F2-4B2C-A828-3E8003E333FA}.Release|x64.ActiveCfg = Release|x64
		{591A83E1-70F2-4B2C-A828-3E8003E333FA}.Release|x64.Build.0 = Release|x64
	EndGlobalSection
	GlobalSection(SolutionProperties) = preSolution
		HideSolutionNode = FALSE
	EndGlobalSection
	GlobalSection(ExtensibilityGlobals) = postSolution
		SolutionGuid = {3AAF96BA-EE1B-4006-8036-B3D27449E508}
	EndGlobalSection
EndGlobal
